// !$*UTF8*$!
{
	archiveVersion = 1;
	classes = {
	};
	objectVersion = 55;
	objects = {

/* Begin PBXBuildFile section */
		AFDB9DAA26FE9FB7003362B7 /* AppDelegate.swift in Sources */ = {isa = PBXBuildFile; fileRef = AFDB9DA926FE9FB7003362B7 /* AppDelegate.swift */; };
		AFDB9DAC26FE9FB7003362B7 /* SceneDelegate.swift in Sources */ = {isa = PBXBuildFile; fileRef = AFDB9DAB26FE9FB7003362B7 /* SceneDelegate.swift */; };
		AFDB9DAE26FE9FB7003362B7 /* ViewController.swift in Sources */ = {isa = PBXBuildFile; fileRef = AFDB9DAD26FE9FB7003362B7 /* ViewController.swift */; };
		AFDB9DB126FE9FB7003362B7 /* Main.storyboard in Resources */ = {isa = PBXBuildFile; fileRef = AFDB9DAF26FE9FB7003362B7 /* Main.storyboard */; };
		AFDB9DB326FE9FBF003362B7 /* Assets.xcassets in Resources */ = {isa = PBXBuildFile; fileRef = AFDB9DB226FE9FBF003362B7 /* Assets.xcassets */; };
		AFDB9DB626FE9FBF003362B7 /* LaunchScreen.storyboard in Resources */ = {isa = PBXBuildFile; fileRef = AFDB9DB426FE9FBF003362B7 /* LaunchScreen.storyboard */; };
		AFDB9DC126FE9FC0003362B7 /* Person_UITests.swift in Sources */ = {isa = PBXBuildFile; fileRef = AFDB9DC026FE9FC0003362B7 /* Person_UITests.swift */; };
		AFDB9DCB26FE9FC0003362B7 /* Person_UIUITests.swift in Sources */ = {isa = PBXBuildFile; fileRef = AFDB9DCA26FE9FC0003362B7 /* Person_UIUITests.swift */; };
		AFDB9DCD26FE9FC0003362B7 /* Person_UIUITestsLaunchTests.swift in Sources */ = {isa = PBXBuildFile; fileRef = AFDB9DCC26FE9FC0003362B7 /* Person_UIUITestsLaunchTests.swift */; };
/* End PBXBuildFile section */

/* Begin PBXContainerItemProxy section */
		AFDB9DBD26FE9FC0003362B7 /* PBXContainerItemProxy */ = {
			isa = PBXContainerItemProxy;
			containerPortal = AFDB9D9E26FE9FB7003362B7 /* Project object */;
			proxyType = 1;
			remoteGlobalIDString = AFDB9DA526FE9FB7003362B7;
			remoteInfo = "Person UI";
		};
		AFDB9DC726FE9FC0003362B7 /* PBXContainerItemProxy */ = {
			isa = PBXContainerItemProxy;
			containerPortal = AFDB9D9E26FE9FB7003362B7 /* Project object */;
			proxyType = 1;
			remoteGlobalIDString = AFDB9DA526FE9FB7003362B7;
			remoteInfo = "Person UI";
		};
/* End PBXContainerItemProxy section */

/* Begin PBXFileReference section */
		AFDB9DA626FE9FB7003362B7 /* Person UI.app */ = {isa = PBXFileReference; explicitFileType = wrapper.application; includeInIndex = 0; path = "Person UI.app"; sourceTree = BUILT_PRODUCTS_DIR; };
		AFDB9DA926FE9FB7003362B7 /* AppDelegate.swift */ = {isa = PBXFileReference; lastKnownFileType = sourcecode.swift; path = AppDelegate.swift; sourceTree = "<group>"; };
		AFDB9DAB26FE9FB7003362B7 /* SceneDelegate.swift */ = {isa = PBXFileReference; lastKnownFileType = sourcecode.swift; path = SceneDelegate.swift; sourceTree = "<group>"; };
		AFDB9DAD26FE9FB7003362B7 /* ViewController.swift */ = {isa = PBXFileReference; lastKnownFileType = sourcecode.swift; path = ViewController.swift; sourceTree = "<group>"; };
		AFDB9DB026FE9FB7003362B7 /* Base */ = {isa = PBXFileReference; lastKnownFileType = file.storyboard; name = Base; path = Base.lproj/Main.storyboard; sourceTree = "<group>"; };
		AFDB9DB226FE9FBF003362B7 /* Assets.xcassets */ = {isa = PBXFileReference; lastKnownFileType = folder.assetcatalog; path = Assets.xcassets; sourceTree = "<group>"; };
		AFDB9DB526FE9FBF003362B7 /* Base */ = {isa = PBXFileReference; lastKnownFileType = file.storyboard; name = Base; path = Base.lproj/LaunchScreen.storyboard; sourceTree = "<group>"; };
		AFDB9DB726FE9FBF003362B7 /* Info.plist */ = {isa = PBXFileReference; lastKnownFileType = text.plist.xml; path = Info.plist; sourceTree = "<group>"; };
		AFDB9DBC26FE9FC0003362B7 /* Person UITests.xctest */ = {isa = PBXFileReference; explicitFileType = wrapper.cfbundle; includeInIndex = 0; path = "Person UITests.xctest"; sourceTree = BUILT_PRODUCTS_DIR; };
		AFDB9DC026FE9FC0003362B7 /* Person_UITests.swift */ = {isa = PBXFileReference; lastKnownFileType = sourcecode.swift; path = Person_UITests.swift; sourceTree = "<group>"; };
		AFDB9DC626FE9FC0003362B7 /* Person UIUITests.xctest */ = {isa = PBXFileReference; explicitFileType = wrapper.cfbundle; includeInIndex = 0; path = "Person UIUITests.xctest"; sourceTree = BUILT_PRODUCTS_DIR; };
		AFDB9DCA26FE9FC0003362B7 /* Person_UIUITests.swift */ = {isa = PBXFileReference; lastKnownFileType = sourcecode.swift; path = Person_UIUITests.swift; sourceTree = "<group>"; };
		AFDB9DCC26FE9FC0003362B7 /* Person_UIUITestsLaunchTests.swift */ = {isa = PBXFileReference; lastKnownFileType = sourcecode.swift; path = Person_UIUITestsLaunchTests.swift; sourceTree = "<group>"; };
/* End PBXFileReference section */

/* Begin PBXFrameworksBuildPhase section */
		AFDB9DA326FE9FB7003362B7 /* Frameworks */ = {
			isa = PBXFrameworksBuildPhase;
			buildActionMask = 2147483647;
			files = (
			);
			runOnlyForDeploymentPostprocessing = 0;
		};
		AFDB9DB926FE9FBF003362B7 /* Frameworks */ = {
			isa = PBXFrameworksBuildPhase;
			buildActionMask = 2147483647;
			files = (
			);
			runOnlyForDeploymentPostprocessing = 0;
		};
		AFDB9DC326FE9FC0003362B7 /* Frameworks */ = {
			isa = PBXFrameworksBuildPhase;
			buildActionMask = 2147483647;
			files = (
			);
			runOnlyForDeploymentPostprocessing = 0;
		};
/* End PBXFrameworksBuildPhase section */

/* Begin PBXGroup section */
		AFDB9D9D26FE9FB7003362B7 = {
			isa = PBXGroup;
			children = (
				AFDB9DA826FE9FB7003362B7 /* Person UI */,
				AFDB9DBF26FE9FC0003362B7 /* Person UITests */,
				AFDB9DC926FE9FC0003362B7 /* Person UIUITests */,
				AFDB9DA726FE9FB7003362B7 /* Products */,
			);
			sourceTree = "<group>";
		};
		AFDB9DA726FE9FB7003362B7 /* Products */ = {
			isa = PBXGroup;
			children = (
				AFDB9DA626FE9FB7003362B7 /* Person UI.app */,
				AFDB9DBC26FE9FC0003362B7 /* Person UITests.xctest */,
				AFDB9DC626FE9FC0003362B7 /* Person UIUITests.xctest */,
			);
			name = Products;
			sourceTree = "<group>";
		};
		AFDB9DA826FE9FB7003362B7 /* Person UI */ = {
			isa = PBXGroup;
			children = (
				AFDB9DA926FE9FB7003362B7 /* AppDelegate.swift */,
				AFDB9DAB26FE9FB7003362B7 /* SceneDelegate.swift */,
				AFDB9DAD26FE9FB7003362B7 /* ViewController.swift */,
				AFDB9DAF26FE9FB7003362B7 /* Main.storyboard */,
				AFDB9DB226FE9FBF003362B7 /* Assets.xcassets */,
				AFDB9DB426FE9FBF003362B7 /* LaunchScreen.storyboard */,
				AFDB9DB726FE9FBF003362B7 /* Info.plist */,
			);
			path = "Person UI";
			sourceTree = "<group>";
		};
		AFDB9DBF26FE9FC0003362B7 /* Person UITests */ = {
			isa = PBXGroup;
			children = (
				AFDB9DC026FE9FC0003362B7 /* Person_UITests.swift */,
			);
			path = "Person UITests";
			sourceTree = "<group>";
		};
		AFDB9DC926FE9FC0003362B7 /* Person UIUITests */ = {
			isa = PBXGroup;
			children = (
				AFDB9DCA26FE9FC0003362B7 /* Person_UIUITests.swift */,
				AFDB9DCC26FE9FC0003362B7 /* Person_UIUITestsLaunchTests.swift */,
			);
			path = "Person UIUITests";
			sourceTree = "<group>";
		};
/* End PBXGroup section */

/* Begin PBXNativeTarget section */
		AFDB9DA526FE9FB7003362B7 /* Person UI */ = {
			isa = PBXNativeTarget;
			buildConfigurationList = AFDB9DD026FE9FC0003362B7 /* Build configuration list for PBXNativeTarget "Person UI" */;
			buildPhases = (
				AFDB9DA226FE9FB7003362B7 /* Sources */,
				AFDB9DA326FE9FB7003362B7 /* Frameworks */,
				AFDB9DA426FE9FB7003362B7 /* Resources */,
			);
			buildRules = (
			);
			dependencies = (
			);
			name = "Person UI";
			productName = "Person UI";
			productReference = AFDB9DA626FE9FB7003362B7 /* Person UI.app */;
			productType = "com.apple.product-type.application";
		};
		AFDB9DBB26FE9FBF003362B7 /* Person UITests */ = {
			isa = PBXNativeTarget;
			buildConfigurationList = AFDB9DD326FE9FC0003362B7 /* Build configuration list for PBXNativeTarget "Person UITests" */;
			buildPhases = (
				AFDB9DB826FE9FBF003362B7 /* Sources */,
				AFDB9DB926FE9FBF003362B7 /* Frameworks */,
				AFDB9DBA26FE9FBF003362B7 /* Resources */,
			);
			buildRules = (
			);
			dependencies = (
				AFDB9DBE26FE9FC0003362B7 /* PBXTargetDependency */,
			);
			name = "Person UITests";
			productName = "Person UITests";
			productReference = AFDB9DBC26FE9FC0003362B7 /* Person UITests.xctest */;
			productType = "com.apple.product-type.bundle.unit-test";
		};
		AFDB9DC526FE9FC0003362B7 /* Person UIUITests */ = {
			isa = PBXNativeTarget;
			buildConfigurationList = AFDB9DD626FE9FC0003362B7 /* Build configuration list for PBXNativeTarget "Person UIUITests" */;
			buildPhases = (
				AFDB9DC226FE9FC0003362B7 /* Sources */,
				AFDB9DC326FE9FC0003362B7 /* Frameworks */,
				AFDB9DC426FE9FC0003362B7 /* Resources */,
			);
			buildRules = (
			);
			dependencies = (
				AFDB9DC826FE9FC0003362B7 /* PBXTargetDependency */,
			);
			name = "Person UIUITests";
			productName = "Person UIUITests";
			productReference = AFDB9DC626FE9FC0003362B7 /* Person UIUITests.xctest */;
			productType = "com.apple.product-type.bundle.ui-testing";
		};
/* End PBXNativeTarget section */

/* Begin PBXProject section */
		AFDB9D9E26FE9FB7003362B7 /* Project object */ = {
			isa = PBXProject;
			attributes = {
				BuildIndependentTargetsInParallel = 1;
				LastSwiftUpdateCheck = 1300;
				LastUpgradeCheck = 1300;
				TargetAttributes = {
					AFDB9DA526FE9FB7003362B7 = {
						CreatedOnToolsVersion = 13.0;
					};
					AFDB9DBB26FE9FBF003362B7 = {
						CreatedOnToolsVersion = 13.0;
						TestTargetID = AFDB9DA526FE9FB7003362B7;
					};
					AFDB9DC526FE9FC0003362B7 = {
						CreatedOnToolsVersion = 13.0;
						TestTargetID = AFDB9DA526FE9FB7003362B7;
					};
				};
			};
			buildConfigurationList = AFDB9DA126FE9FB7003362B7 /* Build configuration list for PBXProject "Person UI" */;
			compatibilityVersion = "Xcode 13.0";
			developmentRegion = en;
			hasScannedForEncodings = 0;
			knownRegions = (
				en,
				Base,
			);
			mainGroup = AFDB9D9D26FE9FB7003362B7;
			productRefGroup = AFDB9DA726FE9FB7003362B7 /* Products */;
			projectDirPath = "";
			projectRoot = "";
			targets = (
				AFDB9DA526FE9FB7003362B7 /* Person UI */,
				AFDB9DBB26FE9FBF003362B7 /* Person UITests */,
				AFDB9DC526FE9FC0003362B7 /* Person UIUITests */,
			);
		};
/* End PBXProject section */

/* Begin PBXResourcesBuildPhase section */
		AFDB9DA426FE9FB7003362B7 /* Resources */ = {
			isa = PBXResourcesBuildPhase;
			buildActionMask = 2147483647;
			files = (
				AFDB9DB626FE9FBF003362B7 /* LaunchScreen.storyboard in Resources */,
				AFDB9DB326FE9FBF003362B7 /* Assets.xcassets in Resources */,
				AFDB9DB126FE9FB7003362B7 /* Main.storyboard in Resources */,
			);
			runOnlyForDeploymentPostprocessing = 0;
		};
		AFDB9DBA26FE9FBF003362B7 /* Resources */ = {
			isa = PBXResourcesBuildPhase;
			buildActionMask = 2147483647;
			files = (
			);
			runOnlyForDeploymentPostprocessing = 0;
		};
		AFDB9DC426FE9FC0003362B7 /* Resources */ = {
			isa = PBXResourcesBuildPhase;
			buildActionMask = 2147483647;
			files = (
			);
			runOnlyForDeploymentPostprocessing = 0;
		};
/* End PBXResourcesBuildPhase section */

/* Begin PBXSourcesBuildPhase section */
		AFDB9DA226FE9FB7003362B7 /* Sources */ = {
			isa = PBXSourcesBuildPhase;
			buildActionMask = 2147483647;
			files = (
				AFDB9DAE26FE9FB7003362B7 /* ViewController.swift in Sources */,
				AFDB9DAA26FE9FB7003362B7 /* AppDelegate.swift in Sources */,
				AFDB9DAC26FE9FB7003362B7 /* SceneDelegate.swift in Sources */,
			);
			runOnlyForDeploymentPostprocessing = 0;
		};
		AFDB9DB826FE9FBF003362B7 /* Sources */ = {
			isa = PBXSourcesBuildPhase;
			buildActionMask = 2147483647;
			files = (
				AFDB9DC126FE9FC0003362B7 /* Person_UITests.swift in Sources */,
			);
			runOnlyForDeploymentPostprocessing = 0;
		};
		AFDB9DC226FE9FC0003362B7 /* Sources */ = {
			isa = PBXSourcesBuildPhase;
			buildActionMask = 2147483647;
			files = (
				AFDB9DCB26FE9FC0003362B7 /* Person_UIUITests.swift in Sources */,
				AFDB9DCD26FE9FC0003362B7 /* Person_UIUITestsLaunchTests.swift in Sources */,
			);
			runOnlyForDeploymentPostprocessing = 0;
		};
/* End PBXSourcesBuildPhase section */

/* Begin PBXTargetDependency section */
		AFDB9DBE26FE9FC0003362B7 /* PBXTargetDependency */ = {
			isa = PBXTargetDependency;
			target = AFDB9DA526FE9FB7003362B7 /* Person UI */;
			targetProxy = AFDB9DBD26FE9FC0003362B7 /* PBXContainerItemProxy */;
		};
		AFDB9DC826FE9FC0003362B7 /* PBXTargetDependency */ = {
			isa = PBXTargetDependency;
			target = AFDB9DA526FE9FB7003362B7 /* Person UI */;
			targetProxy = AFDB9DC726FE9FC0003362B7 /* PBXContainerItemProxy */;
		};
/* End PBXTargetDependency section */

/* Begin PBXVariantGroup section */
		AFDB9DAF26FE9FB7003362B7 /* Main.storyboard */ = {
			isa = PBXVariantGroup;
			children = (
				AFDB9DB026FE9FB7003362B7 /* Base */,
			);
			name = Main.storyboard;
			sourceTree = "<group>";
		};
		AFDB9DB426FE9FBF003362B7 /* LaunchScreen.storyboard */ = {
			isa = PBXVariantGroup;
			children = (
				AFDB9DB526FE9FBF003362B7 /* Base */,
			);
			name = LaunchScreen.storyboard;
			sourceTree = "<group>";
		};
/* End PBXVariantGroup section */

/* Begin XCBuildConfiguration section */
		AFDB9DCE26FE9FC0003362B7 /* Debug */ = {
			isa = XCBuildConfiguration;
			buildSettings = {
				ALWAYS_SEARCH_USER_PATHS = NO;
				CLANG_ANALYZER_NONNULL = YES;
				CLANG_ANALYZER_NUMBER_OBJECT_CONVERSION = YES_AGGRESSIVE;
				CLANG_CXX_LANGUAGE_STANDARD = "gnu++17";
				CLANG_CXX_LIBRARY = "libc++";
				CLANG_ENABLE_MODULES = YES;
				CLANG_ENABLE_OBJC_ARC = YES;
				CLANG_ENABLE_OBJC_WEAK = YES;
				CLANG_WARN_BLOCK_CAPTURE_AUTORELEASING = YES;
				CLANG_WARN_BOOL_CONVERSION = YES;
				CLANG_WARN_COMMA = YES;
				CLANG_WARN_CONSTANT_CONVERSION = YES;
				CLANG_WARN_DEPRECATED_OBJC_IMPLEMENTATIONS = YES;
				CLANG_WARN_DIRECT_OBJC_ISA_USAGE = YES_ERROR;
				CLANG_WARN_DOCUMENTATION_COMMENTS = YES;
				CLANG_WARN_EMPTY_BODY = YES;
				CLANG_WARN_ENUM_CONVERSION = YES;
				CLANG_WARN_INFINITE_RECURSION = YES;
				CLANG_WARN_INT_CONVERSION = YES;
				CLANG_WARN_NON_LITERAL_NULL_CONVERSION = YES;
				CLANG_WARN_OBJC_IMPLICIT_RETAIN_SELF = YES;
				CLANG_WARN_OBJC_LITERAL_CONVERSION = YES;
				CLANG_WARN_OBJC_ROOT_CLASS = YES_ERROR;
				CLANG_WARN_QUOTED_INCLUDE_IN_FRAMEWORK_HEADER = YES;
				CLANG_WARN_RANGE_LOOP_ANALYSIS = YES;
				CLANG_WARN_STRICT_PROTOTYPES = YES;
				CLANG_WARN_SUSPICIOUS_MOVE = YES;
				CLANG_WARN_UNGUARDED_AVAILABILITY = YES_AGGRESSIVE;
				CLANG_WARN_UNREACHABLE_CODE = YES;
				CLANG_WARN__DUPLICATE_METHOD_MATCH = YES;
				COPY_PHASE_STRIP = NO;
				DEBUG_INFORMATION_FORMAT = dwarf;
				ENABLE_STRICT_OBJC_MSGSEND = YES;
				ENABLE_TESTABILITY = YES;
				GCC_C_LANGUAGE_STANDARD = gnu11;
				GCC_DYNAMIC_NO_PIC = NO;
				GCC_NO_COMMON_BLOCKS = YES;
				GCC_OPTIMIZATION_LEVEL = 0;
				GCC_PREPROCESSOR_DEFINITIONS = (
					"DEBUG=1",
					"$(inherited)",
				);
				GCC_WARN_64_TO_32_BIT_CONVERSION = YES;
				GCC_WARN_ABOUT_RETURN_TYPE = YES_ERROR;
				GCC_WARN_UNDECLARED_SELECTOR = YES;
				GCC_WARN_UNINITIALIZED_AUTOS = YES_AGGRESSIVE;
				GCC_WARN_UNUSED_FUNCTION = YES;
				GCC_WARN_UNUSED_VARIABLE = YES;
				IPHONEOS_DEPLOYMENT_TARGET = 15.0;
				MTL_ENABLE_DEBUG_INFO = INCLUDE_SOURCE;
				MTL_FAST_MATH = YES;
				ONLY_ACTIVE_ARCH = YES;
				SDKROOT = iphoneos;
				SWIFT_ACTIVE_COMPILATION_CONDITIONS = DEBUG;
				SWIFT_OPTIMIZATION_LEVEL = "-Onone";
			};
			name = Debug;
		};
		AFDB9DCF26FE9FC0003362B7 /* Release */ = {
			isa = XCBuildConfiguration;
			buildSettings = {
				ALWAYS_SEARCH_USER_PATHS = NO;
				CLANG_ANALYZER_NONNULL = YES;
				CLANG_ANALYZER_NUMBER_OBJECT_CONVERSION = YES_AGGRESSIVE;
				CLANG_CXX_LANGUAGE_STANDARD = "gnu++17";
				CLANG_CXX_LIBRARY = "libc++";
				CLANG_ENABLE_MODULES = YES;
				CLANG_ENABLE_OBJC_ARC = YES;
				CLANG_ENABLE_OBJC_WEAK = YES;
				CLANG_WARN_BLOCK_CAPTURE_AUTORELEASING = YES;
				CLANG_WARN_BOOL_CONVERSION = YES;
				CLANG_WARN_COMMA = YES;
				CLANG_WARN_CONSTANT_CONVERSION = YES;
				CLANG_WARN_DEPRECATED_OBJC_IMPLEMENTATIONS = YES;
				CLANG_WARN_DIRECT_OBJC_ISA_USAGE = YES_ERROR;
				CLANG_WARN_DOCUMENTATION_COMMENTS = YES;
				CLANG_WARN_EMPTY_BODY = YES;
				CLANG_WARN_ENUM_CONVERSION = YES;
				CLANG_WARN_INFINITE_RECURSION = YES;
				CLANG_WARN_INT_CONVERSION = YES;
				CLANG_WARN_NON_LITERAL_NULL_CONVERSION = YES;
				CLANG_WARN_OBJC_IMPLICIT_RETAIN_SELF = YES;
				CLANG_WARN_OBJC_LITERAL_CONVERSION = YES;
				CLANG_WARN_OBJC_ROOT_CLASS = YES_ERROR;
				CLANG_WARN_QUOTED_INCLUDE_IN_FRAMEWORK_HEADER = YES;
				CLANG_WARN_RANGE_LOOP_ANALYSIS = YES;
				CLANG_WARN_STRICT_PROTOTYPES = YES;
				CLANG_WARN_SUSPICIOUS_MOVE = YES;
				CLANG_WARN_UNGUARDED_AVAILABILITY = YES_AGGRESSIVE;
				CLANG_WARN_UNREACHABLE_CODE = YES;
				CLANG_WARN__DUPLICATE_METHOD_MATCH = YES;
				COPY_PHASE_STRIP = NO;
				DEBUG_INFORMATION_FORMAT = "dwarf-with-dsym";
				ENABLE_NS_ASSERTIONS = NO;
				ENABLE_STRICT_OBJC_MSGSEND = YES;
				GCC_C_LANGUAGE_STANDARD = gnu11;
				GCC_NO_COMMON_BLOCKS = YES;
				GCC_WARN_64_TO_32_BIT_CONVERSION = YES;
				GCC_WARN_ABOUT_RETURN_TYPE = YES_ERROR;
				GCC_WARN_UNDECLARED_SELECTOR = YES;
				GCC_WARN_UNINITIALIZED_AUTOS = YES_AGGRESSIVE;
				GCC_WARN_UNUSED_FUNCTION = YES;
				GCC_WARN_UNUSED_VARIABLE = YES;
				IPHONEOS_DEPLOYMENT_TARGET = 15.0;
				MTL_ENABLE_DEBUG_INFO = NO;
				MTL_FAST_MATH = YES;
				SDKROOT = iphoneos;
				SWIFT_COMPILATION_MODE = wholemodule;
				SWIFT_OPTIMIZATION_LEVEL = "-O";
				VALIDATE_PRODUCT = YES;
			};
			name = Release;
		};
		AFDB9DD126FE9FC0003362B7 /* Debug */ = {
			isa = XCBuildConfiguration;
			buildSettings = {
				ASSETCATALOG_COMPILER_APPICON_NAME = AppIcon;
				ASSETCATALOG_COMPILER_GLOBAL_ACCENT_COLOR_NAME = AccentColor;
				CODE_SIGN_STYLE = Automatic;
				CURRENT_PROJECT_VERSION = 1;
				DEVELOPMENT_TEAM = 6M65GTY9L9;
				GENERATE_INFOPLIST_FILE = YES;
				INFOPLIST_FILE = "Person UI/Info.plist";
				INFOPLIST_KEY_UIApplicationSupportsIndirectInputEvents = YES;
				INFOPLIST_KEY_UILaunchStoryboardName = LaunchScreen;
				INFOPLIST_KEY_UIMainStoryboardFile = Main;
				INFOPLIST_KEY_UISupportedInterfaceOrientations_iPad = "UIInterfaceOrientationPortrait UIInterfaceOrientationPortraitUpsideDown UIInterfaceOrientationLandscapeLeft UIInterfaceOrientationLandscapeRight";
				INFOPLIST_KEY_UISupportedInterfaceOrientations_iPhone = "UIInterfaceOrientationPortrait UIInterfaceOrientationLandscapeLeft UIInterfaceOrientationLandscapeRight";
				LD_RUNPATH_SEARCH_PATHS = (
					"$(inherited)",
					"@executable_path/Frameworks",
				);
				MARKETING_VERSION = 1.0;
				PRODUCT_BUNDLE_IDENTIFIER = "edu.missouri.Person-UI";
				PRODUCT_NAME = "$(TARGET_NAME)";
				SWIFT_EMIT_LOC_STRINGS = YES;
				SWIFT_VERSION = 5.0;
				TARGETED_DEVICE_FAMILY = "1,2";
			};
			name = Debug;
		};
		AFDB9DD226FE9FC0003362B7 /* Release */ = {
			isa = XCBuildConfiguration;
			buildSettings = {
				ASSETCATALOG_COMPILER_APPICON_NAME = AppIcon;
				ASSETCATALOG_COMPILER_GLOBAL_ACCENT_COLOR_NAME = AccentColor;
				CODE_SIGN_STYLE = Automatic;
				CURRENT_PROJECT_VERSION = 1;
				DEVELOPMENT_TEAM = 6M65GTY9L9;
				GENERATE_INFOPLIST_FILE = YES;
				INFOPLIST_FILE = "Person UI/Info.plist";
				INFOPLIST_KEY_UIApplicationSupportsIndirectInputEvents = YES;
				INFOPLIST_KEY_UILaunchStoryboardName = LaunchScreen;
				INFOPLIST_KEY_UIMainStoryboardFile = Main;
				INFOPLIST_KEY_UISupportedInterfaceOrientations_iPad = "UIInterfaceOrientationPortrait UIInterfaceOrientationPortraitUpsideDown UIInterfaceOrientationLandscapeLeft UIInterfaceOrientationLandscapeRight";
				INFOPLIST_KEY_UISupportedInterfaceOrientations_iPhone = "UIInterfaceOrientationPortrait UIInterfaceOrientationLandscapeLeft UIInterfaceOrientationLandscapeRight";
				LD_RUNPATH_SEARCH_PATHS = (
					"$(inherited)",
					"@executable_path/Frameworks",
				);
				MARKETING_VERSION = 1.0;
				PRODUCT_BUNDLE_IDENTIFIER = "edu.missouri.Person-UI";
				PRODUCT_NAME = "$(TARGET_NAME)";
				SWIFT_EMIT_LOC_STRINGS = YES;
				SWIFT_VERSION = 5.0;
				TARGETED_DEVICE_FAMILY = "1,2";
			};
			name = Release;
		};
		AFDB9DD426FE9FC0003362B7 /* Debug */ = {
			isa = XCBuildConfiguration;
			buildSettings = {
				ALWAYS_EMBED_SWIFT_STANDARD_LIBRARIES = YES;
				BUNDLE_LOADER = "$(TEST_HOST)";
				CODE_SIGN_STYLE = Automatic;
				CURRENT_PROJECT_VERSION = 1;
				DEVELOPMENT_TEAM = 6M65GTY9L9;
				GENERATE_INFOPLIST_FILE = YES;
				IPHONEOS_DEPLOYMENT_TARGET = 15.0;
				LD_RUNPATH_SEARCH_PATHS = (
					"$(inherited)",
					"@executable_path/Frameworks",
					"@loader_path/Frameworks",
				);
				MARKETING_VERSION = 1.0;
				PRODUCT_BUNDLE_IDENTIFIER = "edu.missouri.Person-UITests";
				PRODUCT_NAME = "$(TARGET_NAME)";
				SWIFT_EMIT_LOC_STRINGS = NO;
				SWIFT_VERSION = 5.0;
				TARGETED_DEVICE_FAMILY = "1,2";
				TEST_HOST = "$(BUILT_PRODUCTS_DIR)/Person UI.app/Person UI";
			};
			name = Debug;
		};
		AFDB9DD526FE9FC0003362B7 /* Release */ = {
			isa = XCBuildConfiguration;
			buildSettings = {
				ALWAYS_EMBED_SWIFT_STANDARD_LIBRARIES = YES;
				BUNDLE_LOADER = "$(TEST_HOST)";
				CODE_SIGN_STYLE = Automatic;
				CURRENT_PROJECT_VERSION = 1;
				DEVELOPMENT_TEAM = 6M65GTY9L9;
				GENERATE_INFOPLIST_FILE = YES;
				IPHONEOS_DEPLOYMENT_TARGET = 15.0;
				LD_RUNPATH_SEARCH_PATHS = (
					"$(inherited)",
					"@executable_path/Frameworks",
					"@loader_path/Frameworks",
				);
				MARKETING_VERSION = 1.0;
				PRODUCT_BUNDLE_IDENTIFIER = "edu.missouri.Person-UITests";
				PRODUCT_NAME = "$(TARGET_NAME)";
				SWIFT_EMIT_LOC_STRINGS = NO;
				SWIFT_VERSION = 5.0;
				TARGETED_DEVICE_FAMILY = "1,2";
				TEST_HOST = "$(BUILT_PRODUCTS_DIR)/Person UI.app/Person UI";
			};
			name = Release;
		};
		AFDB9DD726FE9FC0003362B7 /* Debug */ = {
			isa = XCBuildConfiguration;
			buildSettings = {
				ALWAYS_EMBED_SWIFT_STANDARD_LIBRARIES = YES;
				CODE_SIGN_STYLE = Automatic;
				CURRENT_PROJECT_VERSION = 1;
				DEVELOPMENT_TEAM = 6M65GTY9L9;
				GENERATE_INFOPLIST_FILE = YES;
				LD_RUNPATH_SEARCH_PATHS = (
					"$(inherited)",
					"@executable_path/Frameworks",
					"@loader_path/Frameworks",
				);
				MARKETING_VERSION = 1.0;
				PRODUCT_BUNDLE_IDENTIFIER = "edu.missouri.Person-UIUITests";
				PRODUCT_NAME = "$(TARGET_NAME)";
				SWIFT_EMIT_LOC_STRINGS = NO;
				SWIFT_VERSION = 5.0;
				TARGETED_DEVICE_FAMILY = "1,2";
				TEST_TARGET_NAME = "Person UI";
			};
			name = Debug;
		};
		AFDB9DD826FE9FC0003362B7 /* Release */ = {
			isa = XCBuildConfiguration;
			buildSettings = {
				ALWAYS_EMBED_SWIFT_STANDARD_LIBRARIES = YES;
				CODE_SIGN_STYLE = Automatic;
				CURRENT_PROJECT_VERSION = 1;
				DEVELOPMENT_TEAM = 6M65GTY9L9;
				GENERATE_INFOPLIST_FILE = YES;
				LD_RUNPATH_SEARCH_PATHS = (
					"$(inherited)",
					"@executable_path/Frameworks",
					"@loader_path/Frameworks",
				);
				MARKETING_VERSION = 1.0;
				PRODUCT_BUNDLE_IDENTIFIER = "edu.missouri.Person-UIUITests";
				PRODUCT_NAME = "$(TARGET_NAME)";
				SWIFT_EMIT_LOC_STRINGS = NO;
				SWIFT_VERSION = 5.0;
				TARGETED_DEVICE_FAMILY = "1,2";
				TEST_TARGET_NAME = "Person UI";
			};
			name = Release;
		};
/* End XCBuildConfiguration section */

/* Begin XCConfigurationList section */
		AFDB9DA126FE9FB7003362B7 /* Build configuration list for PBXProject "Person UI" */ = {
			isa = XCConfigurationList;
			buildConfigurations = (
				AFDB9DCE26FE9FC0003362B7 /* Debug */,
				AFDB9DCF26FE9FC0003362B7 /* Release */,
			);
			defaultConfigurationIsVisible = 0;
			defaultConfigurationName = Release;
		};
		AFDB9DD026FE9FC0003362B7 /* Build configuration list for PBXNativeTarget "Person UI" */ = {
			isa = XCConfigurationList;
			buildConfigurations = (
				AFDB9DD126FE9FC0003362B7 /* Debug */,
				AFDB9DD226FE9FC0003362B7 /* Release */,
			);
			defaultConfigurationIsVisible = 0;
			defaultConfigurationName = Release;
		};
		AFDB9DD326FE9FC0003362B7 /* Build configuration list for PBXNativeTarget "Person UITests" */ = {
			isa = XCConfigurationList;
			buildConfigurations = (
				AFDB9DD426FE9FC0003362B7 /* Debug */,
				AFDB9DD526FE9FC0003362B7 /* Release */,
			);
			defaultConfigurationIsVisible = 0;
			defaultConfigurationName = Release;
		};
		AFDB9DD626FE9FC0003362B7 /* Build configuration list for PBXNativeTarget "Person UIUITests" */ = {
			isa = XCConfigurationList;
			buildConfigurations = (
				AFDB9DD726FE9FC0003362B7 /* Debug */,
				AFDB9DD826FE9FC0003362B7 /* Release */,
			);
			defaultConfigurationIsVisible = 0;
			defaultConfigurationName = Release;
		};
/* End XCConfigurationList section */
	};
	rootObject = AFDB9D9E26FE9FB7003362B7 /* Project object */;
}
