// !$*UTF8*$!
{
	archiveVersion = 1;
	classes = {
	};
	objectVersion = 55;
	objects = {

/* Begin PBXBuildFile section */
		AF636446272CBFAD002F7740 /* ColorsNavApp.swift in Sources */ = {isa = PBXBuildFile; fileRef = AF636445272CBFAD002F7740 /* ColorsNavApp.swift */; };
		AF636448272CBFAD002F7740 /* ContentView.swift in Sources */ = {isa = PBXBuildFile; fileRef = AF636447272CBFAD002F7740 /* ContentView.swift */; };
		AF63644A272CBFB1002F7740 /* Assets.xcassets in Resources */ = {isa = PBXBuildFile; fileRef = AF636449272CBFB1002F7740 /* Assets.xcassets */; };
		AF63644D272CBFB1002F7740 /* Preview Assets.xcassets in Resources */ = {isa = PBXBuildFile; fileRef = AF63644C272CBFB1002F7740 /* Preview Assets.xcassets */; };
		AF636457272CBFB2002F7740 /* ColorsNavTests.swift in Sources */ = {isa = PBXBuildFile; fileRef = AF636456272CBFB2002F7740 /* ColorsNavTests.swift */; };
		AF636461272CBFB2002F7740 /* ColorsNavUITests.swift in Sources */ = {isa = PBXBuildFile; fileRef = AF636460272CBFB2002F7740 /* ColorsNavUITests.swift */; };
		AF636463272CBFB2002F7740 /* ColorsNavUITestsLaunchTests.swift in Sources */ = {isa = PBXBuildFile; fileRef = AF636462272CBFB2002F7740 /* ColorsNavUITestsLaunchTests.swift */; };
/* End PBXBuildFile section */

/* Begin PBXContainerItemProxy section */
		AF636453272CBFB2002F7740 /* PBXContainerItemProxy */ = {
			isa = PBXContainerItemProxy;
			containerPortal = AF63643A272CBFAC002F7740 /* Project object */;
			proxyType = 1;
			remoteGlobalIDString = AF636441272CBFAC002F7740;
			remoteInfo = ColorsNav;
		};
		AF63645D272CBFB2002F7740 /* PBXContainerItemProxy */ = {
			isa = PBXContainerItemProxy;
			containerPortal = AF63643A272CBFAC002F7740 /* Project object */;
			proxyType = 1;
			remoteGlobalIDString = AF636441272CBFAC002F7740;
			remoteInfo = ColorsNav;
		};
/* End PBXContainerItemProxy section */

/* Begin PBXFileReference section */
		AF636442272CBFAD002F7740 /* ColorsNav.app */ = {isa = PBXFileReference; explicitFileType = wrapper.application; includeInIndex = 0; path = ColorsNav.app; sourceTree = BUILT_PRODUCTS_DIR; };
		AF636445272CBFAD002F7740 /* ColorsNavApp.swift */ = {isa = PBXFileReference; lastKnownFileType = sourcecode.swift; path = ColorsNavApp.swift; sourceTree = "<group>"; };
		AF636447272CBFAD002F7740 /* ContentView.swift */ = {isa = PBXFileReference; lastKnownFileType = sourcecode.swift; path = ContentView.swift; sourceTree = "<group>"; };
		AF636449272CBFB1002F7740 /* Assets.xcassets */ = {isa = PBXFileReference; lastKnownFileType = folder.assetcatalog; path = Assets.xcassets; sourceTree = "<group>"; };
		AF63644C272CBFB1002F7740 /* Preview Assets.xcassets */ = {isa = PBXFileReference; lastKnownFileType = folder.assetcatalog; path = "Preview Assets.xcassets"; sourceTree = "<group>"; };
		AF636452272CBFB2002F7740 /* ColorsNavTests.xctest */ = {isa = PBXFileReference; explicitFileType = wrapper.cfbundle; includeInIndex = 0; path = ColorsNavTests.xctest; sourceTree = BUILT_PRODUCTS_DIR; };
		AF636456272CBFB2002F7740 /* ColorsNavTests.swift */ = {isa = PBXFileReference; lastKnownFileType = sourcecode.swift; path = ColorsNavTests.swift; sourceTree = "<group>"; };
		AF63645C272CBFB2002F7740 /* ColorsNavUITests.xctest */ = {isa = PBXFileReference; explicitFileType = wrapper.cfbundle; includeInIndex = 0; path = ColorsNavUITests.xctest; sourceTree = BUILT_PRODUCTS_DIR; };
		AF636460272CBFB2002F7740 /* ColorsNavUITests.swift */ = {isa = PBXFileReference; lastKnownFileType = sourcecode.swift; path = ColorsNavUITests.swift; sourceTree = "<group>"; };
		AF636462272CBFB2002F7740 /* ColorsNavUITestsLaunchTests.swift */ = {isa = PBXFileReference; lastKnownFileType = sourcecode.swift; path = ColorsNavUITestsLaunchTests.swift; sourceTree = "<group>"; };
/* End PBXFileReference section */

/* Begin PBXFrameworksBuildPhase section */
		AF63643F272CBFAC002F7740 /* Frameworks */ = {
			isa = PBXFrameworksBuildPhase;
			buildActionMask = 2147483647;
			files = (
			);
			runOnlyForDeploymentPostprocessing = 0;
		};
		AF63644F272CBFB2002F7740 /* Frameworks */ = {
			isa = PBXFrameworksBuildPhase;
			buildActionMask = 2147483647;
			files = (
			);
			runOnlyForDeploymentPostprocessing = 0;
		};
		AF636459272CBFB2002F7740 /* Frameworks */ = {
			isa = PBXFrameworksBuildPhase;
			buildActionMask = 2147483647;
			files = (
			);
			runOnlyForDeploymentPostprocessing = 0;
		};
/* End PBXFrameworksBuildPhase section */

/* Begin PBXGroup section */
		AF636439272CBFAC002F7740 = {
			isa = PBXGroup;
			children = (
				AF636444272CBFAD002F7740 /* ColorsNav */,
				AF636455272CBFB2002F7740 /* ColorsNavTests */,
				AF63645F272CBFB2002F7740 /* ColorsNavUITests */,
				AF636443272CBFAD002F7740 /* Products */,
			);
			sourceTree = "<group>";
		};
		AF636443272CBFAD002F7740 /* Products */ = {
			isa = PBXGroup;
			children = (
				AF636442272CBFAD002F7740 /* ColorsNav.app */,
				AF636452272CBFB2002F7740 /* ColorsNavTests.xctest */,
				AF63645C272CBFB2002F7740 /* ColorsNavUITests.xctest */,
			);
			name = Products;
			sourceTree = "<group>";
		};
		AF636444272CBFAD002F7740 /* ColorsNav */ = {
			isa = PBXGroup;
			children = (
				AF636445272CBFAD002F7740 /* ColorsNavApp.swift */,
				AF636447272CBFAD002F7740 /* ContentView.swift */,
				AF636449272CBFB1002F7740 /* Assets.xcassets */,
				AF63644B272CBFB1002F7740 /* Preview Content */,
			);
			path = ColorsNav;
			sourceTree = "<group>";
		};
		AF63644B272CBFB1002F7740 /* Preview Content */ = {
			isa = PBXGroup;
			children = (
				AF63644C272CBFB1002F7740 /* Preview Assets.xcassets */,
			);
			path = "Preview Content";
			sourceTree = "<group>";
		};
		AF636455272CBFB2002F7740 /* ColorsNavTests */ = {
			isa = PBXGroup;
			children = (
				AF636456272CBFB2002F7740 /* ColorsNavTests.swift */,
			);
			path = ColorsNavTests;
			sourceTree = "<group>";
		};
		AF63645F272CBFB2002F7740 /* ColorsNavUITests */ = {
			isa = PBXGroup;
			children = (
				AF636460272CBFB2002F7740 /* ColorsNavUITests.swift */,
				AF636462272CBFB2002F7740 /* ColorsNavUITestsLaunchTests.swift */,
			);
			path = ColorsNavUITests;
			sourceTree = "<group>";
		};
/* End PBXGroup section */

/* Begin PBXNativeTarget section */
		AF636441272CBFAC002F7740 /* ColorsNav */ = {
			isa = PBXNativeTarget;
			buildConfigurationList = AF636466272CBFB2002F7740 /* Build configuration list for PBXNativeTarget "ColorsNav" */;
			buildPhases = (
				AF63643E272CBFAC002F7740 /* Sources */,
				AF63643F272CBFAC002F7740 /* Frameworks */,
				AF636440272CBFAC002F7740 /* Resources */,
			);
			buildRules = (
			);
			dependencies = (
			);
			name = ColorsNav;
			productName = ColorsNav;
			productReference = AF636442272CBFAD002F7740 /* ColorsNav.app */;
			productType = "com.apple.product-type.application";
		};
		AF636451272CBFB2002F7740 /* ColorsNavTests */ = {
			isa = PBXNativeTarget;
			buildConfigurationList = AF636469272CBFB2002F7740 /* Build configuration list for PBXNativeTarget "ColorsNavTests" */;
			buildPhases = (
				AF63644E272CBFB2002F7740 /* Sources */,
				AF63644F272CBFB2002F7740 /* Frameworks */,
				AF636450272CBFB2002F7740 /* Resources */,
			);
			buildRules = (
			);
			dependencies = (
				AF636454272CBFB2002F7740 /* PBXTargetDependency */,
			);
			name = ColorsNavTests;
			productName = ColorsNavTests;
			productReference = AF636452272CBFB2002F7740 /* ColorsNavTests.xctest */;
			productType = "com.apple.product-type.bundle.unit-test";
		};
		AF63645B272CBFB2002F7740 /* ColorsNavUITests */ = {
			isa = PBXNativeTarget;
			buildConfigurationList = AF63646C272CBFB2002F7740 /* Build configuration list for PBXNativeTarget "ColorsNavUITests" */;
			buildPhases = (
				AF636458272CBFB2002F7740 /* Sources */,
				AF636459272CBFB2002F7740 /* Frameworks */,
				AF63645A272CBFB2002F7740 /* Resources */,
			);
			buildRules = (
			);
			dependencies = (
				AF63645E272CBFB2002F7740 /* PBXTargetDependency */,
			);
			name = ColorsNavUITests;
			productName = ColorsNavUITests;
			productReference = AF63645C272CBFB2002F7740 /* ColorsNavUITests.xctest */;
			productType = "com.apple.product-type.bundle.ui-testing";
		};
/* End PBXNativeTarget section */

/* Begin PBXProject section */
		AF63643A272CBFAC002F7740 /* Project object */ = {
			isa = PBXProject;
			attributes = {
				BuildIndependentTargetsInParallel = 1;
				LastSwiftUpdateCheck = 1300;
				LastUpgradeCheck = 1300;
				TargetAttributes = {
					AF636441272CBFAC002F7740 = {
						CreatedOnToolsVersion = 13.0;
					};
					AF636451272CBFB2002F7740 = {
						CreatedOnToolsVersion = 13.0;
						TestTargetID = AF636441272CBFAC002F7740;
					};
					AF63645B272CBFB2002F7740 = {
						CreatedOnToolsVersion = 13.0;
						TestTargetID = AF636441272CBFAC002F7740;
					};
				};
			};
			buildConfigurationList = AF63643D272CBFAC002F7740 /* Build configuration list for PBXProject "ColorsNav" */;
			compatibilityVersion = "Xcode 13.0";
			developmentRegion = en;
			hasScannedForEncodings = 0;
			knownRegions = (
				en,
				Base,
			);
			mainGroup = AF636439272CBFAC002F7740;
			productRefGroup = AF636443272CBFAD002F7740 /* Products */;
			projectDirPath = "";
			projectRoot = "";
			targets = (
				AF636441272CBFAC002F7740 /* ColorsNav */,
				AF636451272CBFB2002F7740 /* ColorsNavTests */,
				AF63645B272CBFB2002F7740 /* ColorsNavUITests */,
			);
		};
/* End PBXProject section */

/* Begin PBXResourcesBuildPhase section */
		AF636440272CBFAC002F7740 /* Resources */ = {
			isa = PBXResourcesBuildPhase;
			buildActionMask = 2147483647;
			files = (
				AF63644D272CBFB1002F7740 /* Preview Assets.xcassets in Resources */,
				AF63644A272CBFB1002F7740 /* Assets.xcassets in Resources */,
			);
			runOnlyForDeploymentPostprocessing = 0;
		};
		AF636450272CBFB2002F7740 /* Resources */ = {
			isa = PBXResourcesBuildPhase;
			buildActionMask = 2147483647;
			files = (
			);
			runOnlyForDeploymentPostprocessing = 0;
		};
		AF63645A272CBFB2002F7740 /* Resources */ = {
			isa = PBXResourcesBuildPhase;
			buildActionMask = 2147483647;
			files = (
			);
			runOnlyForDeploymentPostprocessing = 0;
		};
/* End PBXResourcesBuildPhase section */

/* Begin PBXSourcesBuildPhase section */
		AF63643E272CBFAC002F7740 /* Sources */ = {
			isa = PBXSourcesBuildPhase;
			buildActionMask = 2147483647;
			files = (
				AF636448272CBFAD002F7740 /* ContentView.swift in Sources */,
				AF636446272CBFAD002F7740 /* ColorsNavApp.swift in Sources */,
			);
			runOnlyForDeploymentPostprocessing = 0;
		};
		AF63644E272CBFB2002F7740 /* Sources */ = {
			isa = PBXSourcesBuildPhase;
			buildActionMask = 2147483647;
			files = (
				AF636457272CBFB2002F7740 /* ColorsNavTests.swift in Sources */,
			);
			runOnlyForDeploymentPostprocessing = 0;
		};
		AF636458272CBFB2002F7740 /* Sources */ = {
			isa = PBXSourcesBuildPhase;
			buildActionMask = 2147483647;
			files = (
				AF636463272CBFB2002F7740 /* ColorsNavUITestsLaunchTests.swift in Sources */,
				AF636461272CBFB2002F7740 /* ColorsNavUITests.swift in Sources */,
			);
			runOnlyForDeploymentPostprocessing = 0;
		};
/* End PBXSourcesBuildPhase section */

/* Begin PBXTargetDependency section */
		AF636454272CBFB2002F7740 /* PBXTargetDependency */ = {
			isa = PBXTargetDependency;
			target = AF636441272CBFAC002F7740 /* ColorsNav */;
			targetProxy = AF636453272CBFB2002F7740 /* PBXContainerItemProxy */;
		};
		AF63645E272CBFB2002F7740 /* PBXTargetDependency */ = {
			isa = PBXTargetDependency;
			target = AF636441272CBFAC002F7740 /* ColorsNav */;
			targetProxy = AF63645D272CBFB2002F7740 /* PBXContainerItemProxy */;
		};
/* End PBXTargetDependency section */

/* Begin XCBuildConfiguration section */
		AF636464272CBFB2002F7740 /* Debug */ = {
			isa = XCBuildConfiguration;
			buildSettings = {
				ALWAYS_SEARCH_USER_PATHS = NO;
				CLANG_ANALYZER_NONNULL = YES;
				CLANG_ANALYZER_NUMBER_OBJECT_CONVERSION = YES_AGGRESSIVE;
				CLANG_CXX_LANGUAGE_STANDARD = "gnu++17";
				CLANG_CXX_LIBRARY = "libc++";
				CLANG_ENABLE_MODULES = YES;
				CLANG_ENABLE_OBJC_ARC = YES;
				CLANG_ENABLE_OBJC_WEAK = YES;
				CLANG_WARN_BLOCK_CAPTURE_AUTORELEASING = YES;
				CLANG_WARN_BOOL_CONVERSION = YES;
				CLANG_WARN_COMMA = YES;
				CLANG_WARN_CONSTANT_CONVERSION = YES;
				CLANG_WARN_DEPRECATED_OBJC_IMPLEMENTATIONS = YES;
				CLANG_WARN_DIRECT_OBJC_ISA_USAGE = YES_ERROR;
				CLANG_WARN_DOCUMENTATION_COMMENTS = YES;
				CLANG_WARN_EMPTY_BODY = YES;
				CLANG_WARN_ENUM_CONVERSION = YES;
				CLANG_WARN_INFINITE_RECURSION = YES;
				CLANG_WARN_INT_CONVERSION = YES;
				CLANG_WARN_NON_LITERAL_NULL_CONVERSION = YES;
				CLANG_WARN_OBJC_IMPLICIT_RETAIN_SELF = YES;
				CLANG_WARN_OBJC_LITERAL_CONVERSION = YES;
				CLANG_WARN_OBJC_ROOT_CLASS = YES_ERROR;
				CLANG_WARN_QUOTED_INCLUDE_IN_FRAMEWORK_HEADER = YES;
				CLANG_WARN_RANGE_LOOP_ANALYSIS = YES;
				CLANG_WARN_STRICT_PROTOTYPES = YES;
				CLANG_WARN_SUSPICIOUS_MOVE = YES;
				CLANG_WARN_UNGUARDED_AVAILABILITY = YES_AGGRESSIVE;
				CLANG_WARN_UNREACHABLE_CODE = YES;
				CLANG_WARN__DUPLICATE_METHOD_MATCH = YES;
				COPY_PHASE_STRIP = NO;
				DEBUG_INFORMATION_FORMAT = dwarf;
				ENABLE_STRICT_OBJC_MSGSEND = YES;
				ENABLE_TESTABILITY = YES;
				GCC_C_LANGUAGE_STANDARD = gnu11;
				GCC_DYNAMIC_NO_PIC = NO;
				GCC_NO_COMMON_BLOCKS = YES;
				GCC_OPTIMIZATION_LEVEL = 0;
				GCC_PREPROCESSOR_DEFINITIONS = (
					"DEBUG=1",
					"$(inherited)",
				);
				GCC_WARN_64_TO_32_BIT_CONVERSION = YES;
				GCC_WARN_ABOUT_RETURN_TYPE = YES_ERROR;
				GCC_WARN_UNDECLARED_SELECTOR = YES;
				GCC_WARN_UNINITIALIZED_AUTOS = YES_AGGRESSIVE;
				GCC_WARN_UNUSED_FUNCTION = YES;
				GCC_WARN_UNUSED_VARIABLE = YES;
				IPHONEOS_DEPLOYMENT_TARGET = 15.0;
				MTL_ENABLE_DEBUG_INFO = INCLUDE_SOURCE;
				MTL_FAST_MATH = YES;
				ONLY_ACTIVE_ARCH = YES;
				SDKROOT = iphoneos;
				SWIFT_ACTIVE_COMPILATION_CONDITIONS = DEBUG;
				SWIFT_OPTIMIZATION_LEVEL = "-Onone";
			};
			name = Debug;
		};
		AF636465272CBFB2002F7740 /* Release */ = {
			isa = XCBuildConfiguration;
			buildSettings = {
				ALWAYS_SEARCH_USER_PATHS = NO;
				CLANG_ANALYZER_NONNULL = YES;
				CLANG_ANALYZER_NUMBER_OBJECT_CONVERSION = YES_AGGRESSIVE;
				CLANG_CXX_LANGUAGE_STANDARD = "gnu++17";
				CLANG_CXX_LIBRARY = "libc++";
				CLANG_ENABLE_MODULES = YES;
				CLANG_ENABLE_OBJC_ARC = YES;
				CLANG_ENABLE_OBJC_WEAK = YES;
				CLANG_WARN_BLOCK_CAPTURE_AUTORELEASING = YES;
				CLANG_WARN_BOOL_CONVERSION = YES;
				CLANG_WARN_COMMA = YES;
				CLANG_WARN_CONSTANT_CONVERSION = YES;
				CLANG_WARN_DEPRECATED_OBJC_IMPLEMENTATIONS = YES;
				CLANG_WARN_DIRECT_OBJC_ISA_USAGE = YES_ERROR;
				CLANG_WARN_DOCUMENTATION_COMMENTS = YES;
				CLANG_WARN_EMPTY_BODY = YES;
				CLANG_WARN_ENUM_CONVERSION = YES;
				CLANG_WARN_INFINITE_RECURSION = YES;
				CLANG_WARN_INT_CONVERSION = YES;
				CLANG_WARN_NON_LITERAL_NULL_CONVERSION = YES;
				CLANG_WARN_OBJC_IMPLICIT_RETAIN_SELF = YES;
				CLANG_WARN_OBJC_LITERAL_CONVERSION = YES;
				CLANG_WARN_OBJC_ROOT_CLASS = YES_ERROR;
				CLANG_WARN_QUOTED_INCLUDE_IN_FRAMEWORK_HEADER = YES;
				CLANG_WARN_RANGE_LOOP_ANALYSIS = YES;
				CLANG_WARN_STRICT_PROTOTYPES = YES;
				CLANG_WARN_SUSPICIOUS_MOVE = YES;
				CLANG_WARN_UNGUARDED_AVAILABILITY = YES_AGGRESSIVE;
				CLANG_WARN_UNREACHABLE_CODE = YES;
				CLANG_WARN__DUPLICATE_METHOD_MATCH = YES;
				COPY_PHASE_STRIP = NO;
				DEBUG_INFORMATION_FORMAT = "dwarf-with-dsym";
				ENABLE_NS_ASSERTIONS = NO;
				ENABLE_STRICT_OBJC_MSGSEND = YES;
				GCC_C_LANGUAGE_STANDARD = gnu11;
				GCC_NO_COMMON_BLOCKS = YES;
				GCC_WARN_64_TO_32_BIT_CONVERSION = YES;
				GCC_WARN_ABOUT_RETURN_TYPE = YES_ERROR;
				GCC_WARN_UNDECLARED_SELECTOR = YES;
				GCC_WARN_UNINITIALIZED_AUTOS = YES_AGGRESSIVE;
				GCC_WARN_UNUSED_FUNCTION = YES;
				GCC_WARN_UNUSED_VARIABLE = YES;
				IPHONEOS_DEPLOYMENT_TARGET = 15.0;
				MTL_ENABLE_DEBUG_INFO = NO;
				MTL_FAST_MATH = YES;
				SDKROOT = iphoneos;
				SWIFT_COMPILATION_MODE = wholemodule;
				SWIFT_OPTIMIZATION_LEVEL = "-O";
				VALIDATE_PRODUCT = YES;
			};
			name = Release;
		};
		AF636467272CBFB2002F7740 /* Debug */ = {
			isa = XCBuildConfiguration;
			buildSettings = {
				ASSETCATALOG_COMPILER_APPICON_NAME = AppIcon;
				ASSETCATALOG_COMPILER_GLOBAL_ACCENT_COLOR_NAME = AccentColor;
				CODE_SIGN_STYLE = Automatic;
				CURRENT_PROJECT_VERSION = 1;
				DEVELOPMENT_ASSET_PATHS = "\"ColorsNav/Preview Content\"";
				DEVELOPMENT_TEAM = 6M65GTY9L9;
				ENABLE_PREVIEWS = YES;
				GENERATE_INFOPLIST_FILE = YES;
				INFOPLIST_KEY_UIApplicationSceneManifest_Generation = YES;
				INFOPLIST_KEY_UIApplicationSupportsIndirectInputEvents = YES;
				INFOPLIST_KEY_UILaunchScreen_Generation = YES;
				INFOPLIST_KEY_UISupportedInterfaceOrientations_iPad = "UIInterfaceOrientationPortrait UIInterfaceOrientationPortraitUpsideDown UIInterfaceOrientationLandscapeLeft UIInterfaceOrientationLandscapeRight";
				INFOPLIST_KEY_UISupportedInterfaceOrientations_iPhone = "UIInterfaceOrientationPortrait UIInterfaceOrientationLandscapeLeft UIInterfaceOrientationLandscapeRight";
				IPHONEOS_DEPLOYMENT_TARGET = 14.0;
				LD_RUNPATH_SEARCH_PATHS = (
					"$(inherited)",
					"@executable_path/Frameworks",
				);
				MARKETING_VERSION = 1.0;
				PRODUCT_BUNDLE_IDENTIFIER = edu.missouri.ColorsNav;
				PRODUCT_NAME = "$(TARGET_NAME)";
				SWIFT_EMIT_LOC_STRINGS = YES;
				SWIFT_VERSION = 5.0;
				TARGETED_DEVICE_FAMILY = "1,2";
			};
			name = Debug;
		};
		AF636468272CBFB2002F7740 /* Release */ = {
			isa = XCBuildConfiguration;
			buildSettings = {
				ASSETCATALOG_COMPILER_APPICON_NAME = AppIcon;
				ASSETCATALOG_COMPILER_GLOBAL_ACCENT_COLOR_NAME = AccentColor;
				CODE_SIGN_STYLE = Automatic;
				CURRENT_PROJECT_VERSION = 1;
				DEVELOPMENT_ASSET_PATHS = "\"ColorsNav/Preview Content\"";
				DEVELOPMENT_TEAM = 6M65GTY9L9;
				ENABLE_PREVIEWS = YES;
				GENERATE_INFOPLIST_FILE = YES;
				INFOPLIST_KEY_UIApplicationSceneManifest_Generation = YES;
				INFOPLIST_KEY_UIApplicationSupportsIndirectInputEvents = YES;
				INFOPLIST_KEY_UILaunchScreen_Generation = YES;
				INFOPLIST_KEY_UISupportedInterfaceOrientations_iPad = "UIInterfaceOrientationPortrait UIInterfaceOrientationPortraitUpsideDown UIInterfaceOrientationLandscapeLeft UIInterfaceOrientationLandscapeRight";
				INFOPLIST_KEY_UISupportedInterfaceOrientations_iPhone = "UIInterfaceOrientationPortrait UIInterfaceOrientationLandscapeLeft UIInterfaceOrientationLandscapeRight";
				IPHONEOS_DEPLOYMENT_TARGET = 14.0;
				LD_RUNPATH_SEARCH_PATHS = (
					"$(inherited)",
					"@executable_path/Frameworks",
				);
				MARKETING_VERSION = 1.0;
				PRODUCT_BUNDLE_IDENTIFIER = edu.missouri.ColorsNav;
				PRODUCT_NAME = "$(TARGET_NAME)";
				SWIFT_EMIT_LOC_STRINGS = YES;
				SWIFT_VERSION = 5.0;
				TARGETED_DEVICE_FAMILY = "1,2";
			};
			name = Release;
		};
		AF63646A272CBFB2002F7740 /* Debug */ = {
			isa = XCBuildConfiguration;
			buildSettings = {
				ALWAYS_EMBED_SWIFT_STANDARD_LIBRARIES = YES;
				BUNDLE_LOADER = "$(TEST_HOST)";
				CODE_SIGN_STYLE = Automatic;
				CURRENT_PROJECT_VERSION = 1;
				DEVELOPMENT_TEAM = 6M65GTY9L9;
				GENERATE_INFOPLIST_FILE = YES;
				IPHONEOS_DEPLOYMENT_TARGET = 14.0;
				LD_RUNPATH_SEARCH_PATHS = (
					"$(inherited)",
					"@executable_path/Frameworks",
					"@loader_path/Frameworks",
				);
				MARKETING_VERSION = 1.0;
				PRODUCT_BUNDLE_IDENTIFIER = edu.missouri.ColorsNavTests;
				PRODUCT_NAME = "$(TARGET_NAME)";
				SWIFT_EMIT_LOC_STRINGS = NO;
				SWIFT_VERSION = 5.0;
				TARGETED_DEVICE_FAMILY = "1,2";
				TEST_HOST = "$(BUILT_PRODUCTS_DIR)/ColorsNav.app/ColorsNav";
			};
			name = Debug;
		};
		AF63646B272CBFB2002F7740 /* Release */ = {
			isa = XCBuildConfiguration;
			buildSettings = {
				ALWAYS_EMBED_SWIFT_STANDARD_LIBRARIES = YES;
				BUNDLE_LOADER = "$(TEST_HOST)";
				CODE_SIGN_STYLE = Automatic;
				CURRENT_PROJECT_VERSION = 1;
				DEVELOPMENT_TEAM = 6M65GTY9L9;
				GENERATE_INFOPLIST_FILE = YES;
				IPHONEOS_DEPLOYMENT_TARGET = 14.0;
				LD_RUNPATH_SEARCH_PATHS = (
					"$(inherited)",
					"@executable_path/Frameworks",
					"@loader_path/Frameworks",
				);
				MARKETING_VERSION = 1.0;
				PRODUCT_BUNDLE_IDENTIFIER = edu.missouri.ColorsNavTests;
				PRODUCT_NAME = "$(TARGET_NAME)";
				SWIFT_EMIT_LOC_STRINGS = NO;
				SWIFT_VERSION = 5.0;
				TARGETED_DEVICE_FAMILY = "1,2";
				TEST_HOST = "$(BUILT_PRODUCTS_DIR)/ColorsNav.app/ColorsNav";
			};
			name = Release;
		};
		AF63646D272CBFB2002F7740 /* Debug */ = {
			isa = XCBuildConfiguration;
			buildSettings = {
				ALWAYS_EMBED_SWIFT_STANDARD_LIBRARIES = YES;
				CODE_SIGN_STYLE = Automatic;
				CURRENT_PROJECT_VERSION = 1;
				DEVELOPMENT_TEAM = 6M65GTY9L9;
				GENERATE_INFOPLIST_FILE = YES;
				LD_RUNPATH_SEARCH_PATHS = (
					"$(inherited)",
					"@executable_path/Frameworks",
					"@loader_path/Frameworks",
				);
				MARKETING_VERSION = 1.0;
				PRODUCT_BUNDLE_IDENTIFIER = edu.missouri.ColorsNavUITests;
				PRODUCT_NAME = "$(TARGET_NAME)";
				SWIFT_EMIT_LOC_STRINGS = NO;
				SWIFT_VERSION = 5.0;
				TARGETED_DEVICE_FAMILY = "1,2";
				TEST_TARGET_NAME = ColorsNav;
			};
			name = Debug;
		};
		AF63646E272CBFB2002F7740 /* Release */ = {
			isa = XCBuildConfiguration;
			buildSettings = {
				ALWAYS_EMBED_SWIFT_STANDARD_LIBRARIES = YES;
				CODE_SIGN_STYLE = Automatic;
				CURRENT_PROJECT_VERSION = 1;
				DEVELOPMENT_TEAM = 6M65GTY9L9;
				GENERATE_INFOPLIST_FILE = YES;
				LD_RUNPATH_SEARCH_PATHS = (
					"$(inherited)",
					"@executable_path/Frameworks",
					"@loader_path/Frameworks",
				);
				MARKETING_VERSION = 1.0;
				PRODUCT_BUNDLE_IDENTIFIER = edu.missouri.ColorsNavUITests;
				PRODUCT_NAME = "$(TARGET_NAME)";
				SWIFT_EMIT_LOC_STRINGS = NO;
				SWIFT_VERSION = 5.0;
				TARGETED_DEVICE_FAMILY = "1,2";
				TEST_TARGET_NAME = ColorsNav;
			};
			name = Release;
		};
/* End XCBuildConfiguration section */

/* Begin XCConfigurationList section */
		AF63643D272CBFAC002F7740 /* Build configuration list for PBXProject "ColorsNav" */ = {
			isa = XCConfigurationList;
			buildConfigurations = (
				AF636464272CBFB2002F7740 /* Debug */,
				AF636465272CBFB2002F7740 /* Release */,
			);
			defaultConfigurationIsVisible = 0;
			defaultConfigurationName = Release;
		};
		AF636466272CBFB2002F7740 /* Build configuration list for PBXNativeTarget "ColorsNav" */ = {
			isa = XCConfigurationList;
			buildConfigurations = (
				AF636467272CBFB2002F7740 /* Debug */,
				AF636468272CBFB2002F7740 /* Release */,
			);
			defaultConfigurationIsVisible = 0;
			defaultConfigurationName = Release;
		};
		AF636469272CBFB2002F7740 /* Build configuration list for PBXNativeTarget "ColorsNavTests" */ = {
			isa = XCConfigurationList;
			buildConfigurations = (
				AF63646A272CBFB2002F7740 /* Debug */,
				AF63646B272CBFB2002F7740 /* Release */,
			);
			defaultConfigurationIsVisible = 0;
			defaultConfigurationName = Release;
		};
		AF63646C272CBFB2002F7740 /* Build configuration list for PBXNativeTarget "ColorsNavUITests" */ = {
			isa = XCConfigurationList;
			buildConfigurations = (
				AF63646D272CBFB2002F7740 /* Debug */,
				AF63646E272CBFB2002F7740 /* Release */,
			);
			defaultConfigurationIsVisible = 0;
			defaultConfigurationName = Release;
		};
/* End XCConfigurationList section */
	};
	rootObject = AF63643A272CBFAC002F7740 /* Project object */;
}
